lockfileVersion: 5.4

specifiers:
  '@types/quill': ^2.0.10
  quill: ^1.3.7
  react-particles: ^2.12.1
  react-quilljs: ^1.3.3
  slate: ^0.94.1
  slate-history: ^0.93.0
  slate-react: ^0.98.1
  tsparticles: ^2.12.0
  tsparticles-slim: ^2.12.0

dependencies:
  quill: 1.3.7
  react-particles: 2.12.1
  react-quilljs: 1.3.3_quill@1.3.7
  slate: 0.94.1
  slate-history: 0.93.0_slate@0.94.1
  slate-react: 0.98.1_slate@0.94.1
  tsparticles: 2.12.0
  tsparticles-slim: 2.12.0

devDependencies:
  '@types/quill': 2.0.10

packages:

  /@juggle/resize-observer/3.4.0:
    resolution: {integrity: sha512-dfLbk+PwWvFzSxwk3n5ySL0hfBog779o8h68wK/7/APo/7cgyWp5jcXockbxdk5kFRkbeXWm4Fbi9FrdN381sA==}
    dev: false

  /@types/is-hotkey/0.1.7:
    resolution: {integrity: sha512-yB5C7zcOM7idwYZZ1wKQ3pTfjA9BbvFqRWvKB46GFddxnJtHwi/b9y84ykQtxQPg5qhdpg4Q/kWU3EGoCTmLzQ==}
    dev: false

  /@types/lodash/4.14.196:
    resolution: {integrity: sha512-22y3o88f4a94mKljsZcanlNWPzO0uBsBdzLAngf2tp533LzZcQzb6+eZPJ+vCTt+bqF2XnvT9gejTLsAcJAJyQ==}
    dev: false

  /@types/quill/2.0.10:
    resolution: {integrity: sha512-L6OHONEj2v4NRbWQOsn7j1N0SyzhRR3M4g1M6j/uuIwIsIW2ShWHhwbqNvH8hSmVktzqu0lITfdnqVOQ4qkrhA==}
    dependencies:
      parchment: 1.1.4
      quill-delta: 4.2.2
    dev: true

  /call-bind/1.0.2:
    resolution: {integrity: sha512-7O+FbCihrB5WGbFYesctwmTKae6rOiIzmz1icreWJ+0aA7LJfuqhEso2T9ncpcFtzMQtzXf2QGGueWJGTYsqrA==}
    dependencies:
      function-bind: 1.1.1
      get-intrinsic: 1.2.1
    dev: false

  /clone/2.1.2:
    resolution: {integrity: sha512-3Pe/CF1Nn94hyhIYpjtiLhdCoEoz0DqQ+988E9gmeEdQZlojxnOb74wctFyuwWQHzqyf9X7C7MG8juUpqBJT8w==}
    engines: {node: '>=0.8'}
    dev: false

  /compute-scroll-into-view/1.0.20:
    resolution: {integrity: sha512-UCB0ioiyj8CRjtrvaceBLqqhZCVP+1B8+NWQhmdsm0VXOJtobBCf1dBQmebCCo34qZmUwZfIH2MZLqNHazrfjg==}
    dev: false

  /deep-equal/1.1.1:
    resolution: {integrity: sha512-yd9c5AdiqVcR+JjcwUQb9DkhJc8ngNr0MahEBGvDiJw8puWab2yZlh+nkasOnZP+EGTAP6rRp2JzJhJZzvNF8g==}
    dependencies:
      is-arguments: 1.1.1
      is-date-object: 1.0.5
      is-regex: 1.1.4
      object-is: 1.1.5
      object-keys: 1.1.1
      regexp.prototype.flags: 1.5.0
    dev: false

  /define-properties/1.2.0:
    resolution: {integrity: sha512-xvqAVKGfT1+UAvPwKTVw/njhdQ8ZhXK4lI0bCIuCMrp2up9nPnaDftrLtmpTazqd1o+UY4zgzU+avtMbDP+ldA==}
    engines: {node: '>= 0.4'}
    dependencies:
      has-property-descriptors: 1.0.0
      object-keys: 1.1.1
    dev: false

  /direction/1.0.4:
    resolution: {integrity: sha512-GYqKi1aH7PJXxdhTeZBFrg8vUBeKXi+cNprXsC1kpJcbcVnV9wBsrOu1cQEdG0WeQwlfHiy3XvnKfIrJ2R0NzQ==}
    hasBin: true
    dev: false

  /eventemitter3/2.0.3:
    resolution: {integrity: sha512-jLN68Dx5kyFHaePoXWPsCGW5qdyZQtLYHkxkg02/Mz6g0kYpDx4FyP6XfArhQdlOC4b8Mv+EMxPo/8La7Tzghg==}
    dev: false

  /extend/3.0.2:
    resolution: {integrity: sha512-fjquC59cD7CyW6urNXK0FBufkZcoiGG80wTuPujX590cB5Ttln20E2UB4S/WARVqhXffZl2LNgS+gQdPIIim/g==}
    dev: false

  /fast-diff/1.1.2:
    resolution: {integrity: sha512-KaJUt+M9t1qaIteSvjc6P3RbMdXsNhK61GRftR6SNxqmhthcd9MGIi4T+o0jD8LUSpSnSKXE20nLtJ3fOHxQig==}
    dev: false

  /fast-diff/1.2.0:
    resolution: {integrity: sha512-xJuoT5+L99XlZ8twedaRf6Ax2TgQVxvgZOYoPKqZufmJib0tL2tegPBOZb1pVNgIhlqDlA0eO0c3wBvQcmzx4w==}
    dev: true

  /function-bind/1.1.1:
    resolution: {integrity: sha512-yIovAzMX49sF8Yl58fSCWJ5svSLuaibPxXQJFLmBObTuCr0Mf1KiPopGM9NiFjiYBCbfaa2Fh6breQ6ANVTI0A==}
    dev: false

  /functions-have-names/1.2.3:
    resolution: {integrity: sha512-xckBUXyTIqT97tq2x2AMb+g163b5JFysYk0x4qxNFwbfQkmNZoiRHb6sPzI9/QV33WeuvVYBUIiD4NzNIyqaRQ==}
    dev: false

  /get-intrinsic/1.2.1:
    resolution: {integrity: sha512-2DcsyfABl+gVHEfCOaTrWgyt+tb6MSEGmKq+kI5HwLbIYgjgmMcV8KQ41uaKz1xxUcn9tJtgFbQUEVcEbd0FYw==}
    dependencies:
      function-bind: 1.1.1
      has: 1.0.3
      has-proto: 1.0.1
      has-symbols: 1.0.3
    dev: false

  /has-property-descriptors/1.0.0:
    resolution: {integrity: sha512-62DVLZGoiEBDHQyqG4w9xCuZ7eJEwNmJRWw2VY84Oedb7WFcA27fiEVe8oUQx9hAUJ4ekurquucTGwsyO1XGdQ==}
    dependencies:
      get-intrinsic: 1.2.1
    dev: false

  /has-proto/1.0.1:
    resolution: {integrity: sha512-7qE+iP+O+bgF9clE5+UoBFzE65mlBiVj3tKCrlNQ0Ogwm0BjpT/gK4SlLYDMybDh5I3TCTKnPPa0oMG7JDYrhg==}
    engines: {node: '>= 0.4'}
    dev: false

  /has-symbols/1.0.3:
    resolution: {integrity: sha512-l3LCuF6MgDNwTDKkdYGEihYjt5pRPbEg46rtlmnSPlUbgmB8LOIrKJbYYFBSbnPaJexMKtiPO8hmeRjRz2Td+A==}
    engines: {node: '>= 0.4'}
    dev: false

  /has-tostringtag/1.0.0:
    resolution: {integrity: sha512-kFjcSNhnlGV1kyoGk7OXKSawH5JOb/LzUc5w9B02hOTO0dfFRjbHQKvg1d6cf3HbeUmtU9VbbV3qzZ2Teh97WQ==}
    engines: {node: '>= 0.4'}
    dependencies:
      has-symbols: 1.0.3
    dev: false

  /has/1.0.3:
    resolution: {integrity: sha512-f2dvO0VU6Oej7RkWJGrehjbzMAjFp5/VKPp5tTpWIV4JHHZK1/BxbFRtf/siA2SWTe09caDmVtYYzWEIbBS4zw==}
    engines: {node: '>= 0.4.0'}
    dependencies:
      function-bind: 1.1.1
    dev: false

  /immer/9.0.21:
    resolution: {integrity: sha512-bc4NBHqOqSfRW7POMkHd51LvClaeMXpm8dx0e8oE2GORbq5aRK7Bxl4FyzVLdGtLmvLKL7BTDBG5ACQm4HWjTA==}
    dev: false

  /is-arguments/1.1.1:
    resolution: {integrity: sha512-8Q7EARjzEnKpt/PCD7e1cgUS0a6X8u5tdSiMqXhojOdoV9TsMsiO+9VLC5vAmO8N7/GmXn7yjR8qnA6bVAEzfA==}
    engines: {node: '>= 0.4'}
    dependencies:
      call-bind: 1.0.2
      has-tostringtag: 1.0.0
    dev: false

  /is-date-object/1.0.5:
    resolution: {integrity: sha512-9YQaSxsAiSwcvS33MBk3wTCVnWK+HhF8VZR2jRxehM16QcVOdHqPn4VPHmRK4lSr38n9JriurInLcP90xsYNfQ==}
    engines: {node: '>= 0.4'}
    dependencies:
      has-tostringtag: 1.0.0
    dev: false

  /is-hotkey/0.1.8:
    resolution: {integrity: sha512-qs3NZ1INIS+H+yeo7cD9pDfwYV/jqRh1JG9S9zYrNudkoUQg7OL7ziXqRKu+InFjUIDoP2o6HIkLYMh1pcWgyQ==}
    dev: false

  /is-plain-object/5.0.0:
    resolution: {integrity: sha512-VRSzKkbMm5jMDoKLbltAkFQ5Qr7VDiTFGXxYFXXowVj387GeGNOCsOH6Msy00SGZ3Fp84b1Naa1psqgcCIEP5Q==}
    engines: {node: '>=0.10.0'}
    dev: false

  /is-regex/1.1.4:
    resolution: {integrity: sha512-kvRdxDsxZjhzUX07ZnLydzS1TU/TJlTUHHY4YLL87e37oUA49DfkLqgy+VjFocowy29cKvcSiu+kIv728jTTVg==}
    engines: {node: '>= 0.4'}
    dependencies:
      call-bind: 1.0.2
      has-tostringtag: 1.0.0
    dev: false

  /lodash.clonedeep/4.5.0:
    resolution: {integrity: sha512-H5ZhCF25riFd9uB5UCkVKo61m3S/xZk1x4wA6yp/L3RFP6Z/eHH1ymQcGLo7J3GMPfm0V/7m1tryHuGVxpqEBQ==}
    dev: true

  /lodash.isequal/4.5.0:
    resolution: {integrity: sha512-pDo3lu8Jhfjqls6GkMgpahsF9kCyayhgykjyLMNFTKWrpVdAQtYyB4muAMWozBB4ig/dtWAmsMxLEI8wuz+DYQ==}
    dev: true

  /lodash/4.17.21:
    resolution: {integrity: sha512-v2kDEe57lecTulaDIuNTPy3Ry4gLGJ6Z1O3vE1krgXZNrsQ+LFTGHVxVjcXPs17LhbZVGedAJv8XZ1tvj5FvSg==}
    dev: false

  /object-is/1.1.5:
    resolution: {integrity: sha512-3cyDsyHgtmi7I7DfSSI2LDp6SK2lwvtbg0p0R1e0RvTqF5ceGx+K2dfSjm1bKDMVCFEDAQvy+o8c6a7VujOddw==}
    engines: {node: '>= 0.4'}
    dependencies:
      call-bind: 1.0.2
      define-properties: 1.2.0
    dev: false

  /object-keys/1.1.1:
    resolution: {integrity: sha512-NuAESUOUMrlIXOfHKzD6bpPu3tYt3xvjNdRIQ+FeT0lNb4K8WR70CaDxhuNguS2XG+GjkyMwOzsN5ZktImfhLA==}
    engines: {node: '>= 0.4'}
    dev: false

  /parchment/1.1.4:
    resolution: {integrity: sha512-J5FBQt/pM2inLzg4hEWmzQx/8h8D0CiDxaG3vyp9rKrQRSDgBlhjdP5jQGgosEajXPSQouXGHOmVdgo7QmJuOg==}

  /quill-delta/3.6.3:
    resolution: {integrity: sha512-wdIGBlcX13tCHOXGMVnnTVFtGRLoP0imqxM696fIPwIf5ODIYUHIvHbZcyvGlZFiFhK5XzDC2lpjbxRhnM05Tg==}
    engines: {node: '>=0.10'}
    dependencies:
      deep-equal: 1.1.1
      extend: 3.0.2
      fast-diff: 1.1.2
    dev: false

  /quill-delta/4.2.2:
    resolution: {integrity: sha512-qjbn82b/yJzOjstBgkhtBjN2TNK+ZHP/BgUQO+j6bRhWQQdmj2lH6hXG7+nwwLF41Xgn//7/83lxs9n2BkTtTg==}
    dependencies:
      fast-diff: 1.2.0
      lodash.clonedeep: 4.5.0
      lodash.isequal: 4.5.0
    dev: true

  /quill/1.3.7:
    resolution: {integrity: sha512-hG/DVzh/TiknWtE6QmWAF/pxoZKYxfe3J/d/+ShUWkDvvkZQVTPeVmUJVu1uE6DDooC4fWTiCLh84ul89oNz5g==}
    dependencies:
      clone: 2.1.2
      deep-equal: 1.1.1
      eventemitter3: 2.0.3
      extend: 3.0.2
      parchment: 1.1.4
      quill-delta: 3.6.3
    dev: false

  /react-particles/2.12.1:
    resolution: {integrity: sha512-NV6nSAoRXqA2ummXoKuz66r5WaGaCj9WjwwSroga9ua6jf3MKQXds2ifkxRvaWMJr6T9CSqfJIda/rPzbA/vEg==}
    requiresBuild: true
    peerDependencies:
      react: '>=16'
    dependencies:
      tsparticles-engine: 2.12.0
    dev: false

  /react-quilljs/1.3.3_quill@1.3.7:
    resolution: {integrity: sha512-fC1IrlenC2rkI6LaFSQL+OnVAWJPJO1BU5bMKekHQkR/2O1lJ/DlZo46ofA/nG+YX/GZKEeqT4XS/ny/JWwwhA==}
    peerDependencies:
      quill: ^1.3.7 || ^2.0.0-dev.0
      react: ^17.0.2 || ^18.0.0-0
      react-dom: ^17.0.2 || ^18.0.0-0
    dependencies:
      quill: 1.3.7
    dev: false

  /regexp.prototype.flags/1.5.0:
    resolution: {integrity: sha512-0SutC3pNudRKgquxGoRGIz946MZVHqbNfPjBdxeOhBrdgDKlRoXmYLQN9xRbrR09ZXWeGAdPuif7egofn6v5LA==}
    engines: {node: '>= 0.4'}
    dependencies:
      call-bind: 1.0.2
      define-properties: 1.2.0
      functions-have-names: 1.2.3
    dev: false

  /scroll-into-view-if-needed/2.2.31:
    resolution: {integrity: sha512-dGCXy99wZQivjmjIqihaBQNjryrz5rueJY7eHfTdyWEiR4ttYpsajb14rn9s5d4DY4EcY6+4+U/maARBXJedkA==}
    dependencies:
      compute-scroll-into-view: 1.0.20
    dev: false

  /slate-history/0.93.0_slate@0.94.1:
    resolution: {integrity: sha512-Gr1GMGPipRuxIz41jD2/rbvzPj8eyar56TVMyJBvBeIpQSSjNISssvGNDYfJlSWM8eaRqf6DAcxMKzsLCYeX6g==}
    peerDependencies:
      slate: '>=0.65.3'
    dependencies:
      is-plain-object: 5.0.0
      slate: 0.94.1
    dev: false

  /slate-react/0.98.1_slate@0.94.1:
    resolution: {integrity: sha512-ta4TAxoHE740e5EYSjAvK2bSpvrvnTkPfwMmx7rV+z/r8sng/RaJpc5cL9Rt2sfqQonSZOnQtAIaL6g97bLgzw==}
    peerDependencies:
      react: '>=16.8.0'
      react-dom: '>=16.8.0'
      slate: '>=0.65.3'
    dependencies:
      '@juggle/resize-observer': 3.4.0
      '@types/is-hotkey': 0.1.7
      '@types/lodash': 4.14.196
      direction: 1.0.4
      is-hotkey: 0.1.8
      is-plain-object: 5.0.0
      lodash: 4.17.21
      scroll-into-view-if-needed: 2.2.31
      slate: 0.94.1
      tiny-invariant: 1.0.6
    dev: false

  /slate/0.94.1:
    resolution: {integrity: sha512-GH/yizXr1ceBoZ9P9uebIaHe3dC/g6Plpf9nlUwnvoyf6V1UOYrRwkabtOCd3ZfIGxomY4P7lfgLr7FPH8/BKA==}
    dependencies:
      immer: 9.0.21
      is-plain-object: 5.0.0
      tiny-warning: 1.0.3
    dev: false

  /tiny-invariant/1.0.6:
    resolution: {integrity: sha512-FOyLWWVjG+aC0UqG76V53yAWdXfH8bO6FNmyZOuUrzDzK8DI3/JRY25UD7+g49JWM1LXwymsKERB+DzI0dTEQA==}
    dev: false

  /tiny-warning/1.0.3:
    resolution: {integrity: sha512-lBN9zLN/oAf68o3zNXYrdCt1kP8WsiGW8Oo2ka41b2IM5JL/S1CTyX1rW0mb/zSuJun0ZUrDxx4sqvYS2FWzPA==}
    dev: false

  /tsparticles-basic/2.12.0:
    resolution: {integrity: sha512-pN6FBpL0UsIUXjYbiui5+IVsbIItbQGOlwyGV55g6IYJBgdTNXgFX0HRYZGE9ZZ9psEXqzqwLM37zvWnb5AG9g==}
    dependencies:
      tsparticles-engine: 2.12.0
      tsparticles-move-base: 2.12.0
      tsparticles-shape-circle: 2.12.0
      tsparticles-updater-color: 2.12.0
      tsparticles-updater-opacity: 2.12.0
      tsparticles-updater-out-modes: 2.12.0
      tsparticles-updater-size: 2.12.0
    dev: false

  /tsparticles-engine/2.12.0:
    resolution: {integrity: sha512-ZjDIYex6jBJ4iMc9+z0uPe7SgBnmb6l+EJm83MPIsOny9lPpetMsnw/8YJ3xdxn8hV+S3myTpTN1CkOVmFv0QQ==}
    requiresBuild: true
    dev: false

  /tsparticles-interaction-external-attract/2.12.0:
    resolution: {integrity: sha512-0roC6D1QkFqMVomcMlTaBrNVjVOpyNzxIUsjMfshk2wUZDAvTNTuWQdUpmsLS4EeSTDN3rzlGNnIuuUQqyBU5w==}
    dependencies:
      tsparticles-engine: 2.12.0
    dev: false

  /tsparticles-interaction-external-bounce/2.12.0:
    resolution: {integrity: sha512-MMcqKLnQMJ30hubORtdq+4QMldQ3+gJu0bBYsQr9BsThsh8/V0xHc1iokZobqHYVP5tV77mbFBD8Z7iSCf0TMQ==}
    dependencies:
      tsparticles-engine: 2.12.0
    dev: false

  /tsparticles-interaction-external-bubble/2.12.0:
    resolution: {integrity: sha512-5kImCSCZlLNccXOHPIi2Yn+rQWTX3sEa/xCHwXW19uHxtILVJlnAweayc8+Zgmb7mo0DscBtWVFXHPxrVPFDUA==}
    dependencies:
      tsparticles-engine: 2.12.0
    dev: false

  /tsparticles-interaction-external-connect/2.12.0:
    resolution: {integrity: sha512-ymzmFPXz6AaA1LAOL5Ihuy7YSQEW8MzuSJzbd0ES13U8XjiU3HlFqlH6WGT1KvXNw6WYoqrZt0T3fKxBW3/C3A==}
    dependencies:
      tsparticles-engine: 2.12.0
    dev: false

  /tsparticles-interaction-external-grab/2.12.0:
    resolution: {integrity: sha512-iQF/A947hSfDNqAjr49PRjyQaeRkYgTYpfNmAf+EfME8RsbapeP/BSyF6mTy0UAFC0hK2A2Hwgw72eT78yhXeQ==}
    dependencies:
      tsparticles-engine: 2.12.0
    dev: false

  /tsparticles-interaction-external-pause/2.12.0:
    resolution: {integrity: sha512-4SUikNpsFROHnRqniL+uX2E388YTtfRWqqqZxRhY0BrijH4z04Aii3YqaGhJxfrwDKkTQlIoM2GbFT552QZWjw==}
    dependencies:
      tsparticles-engine: 2.12.0
    dev: false

  /tsparticles-interaction-external-push/2.12.0:
    resolution: {integrity: sha512-kqs3V0dgDKgMoeqbdg+cKH2F+DTrvfCMrPF1MCCUpBCqBiH+TRQpJNNC86EZYHfNUeeLuIM3ttWwIkk2hllR/Q==}
    dependencies:
      tsparticles-engine: 2.12.0
    dev: false

  /tsparticles-interaction-external-remove/2.12.0:
    resolution: {integrity: sha512-2eNIrv4m1WB2VfSVj46V2L/J9hNEZnMgFc+A+qmy66C8KzDN1G8aJUAf1inW8JVc0lmo5+WKhzex4X0ZSMghBg==}
    dependencies:
      tsparticles-engine: 2.12.0
    dev: false

  /tsparticles-interaction-external-repulse/2.12.0:
    resolution: {integrity: sha512-rSzdnmgljeBCj5FPp4AtGxOG9TmTsK3AjQW0vlyd1aG2O5kSqFjR+FuT7rfdSk9LEJGH5SjPFE6cwbuy51uEWA==}
    dependencies:
      tsparticles-engine: 2.12.0
    dev: false

  /tsparticles-interaction-external-slow/2.12.0:
    resolution: {integrity: sha512-2IKdMC3om7DttqyroMtO//xNdF0NvJL/Lx7LDo08VpfTgJJozxU+JAUT8XVT7urxhaDzbxSSIROc79epESROtA==}
    dependencies:
      tsparticles-engine: 2.12.0
    dev: false

  /tsparticles-interaction-external-trail/2.12.0:
    resolution: {integrity: sha512-LKSapU5sPTaZqYx+y5VJClj0prlV7bswplSFQaIW1raXkvsk45qir2AVcpP5JUhZSFSG+SwsHr+qCgXhNeN1KA==}
    dependencies:
      tsparticles-engine: 2.12.0
    dev: false

  /tsparticles-interaction-particles-attract/2.12.0:
    resolution: {integrity: sha512-Hl8qwuwF9aLq3FOkAW+Zomu7Gb8IKs6Y3tFQUQScDmrrSCaeRt2EGklAiwgxwgntmqzL7hbMWNx06CHHcUQKdQ==}
    dependencies:
      tsparticles-engine: 2.12.0
    dev: false

  /tsparticles-interaction-particles-collisions/2.12.0:
    resolution: {integrity: sha512-Se9nPWlyPxdsnHgR6ap4YUImAu3W5MeGKJaQMiQpm1vW8lSMOUejI1n1ioIaQth9weKGKnD9rvcNn76sFlzGBA==}
    dependencies:
      tsparticles-engine: 2.12.0
    dev: false

  /tsparticles-interaction-particles-links/2.12.0:
    resolution: {integrity: sha512-e7I8gRs4rmKfcsHONXMkJnymRWpxHmeaJIo4g2NaDRjIgeb2AcJSWKWZvrsoLnm7zvaf/cMQlbN6vQwCixYq3A==}
    dependencies:
      tsparticles-engine: 2.12.0
    dev: false

  /tsparticles-move-base/2.12.0:
    resolution: {integrity: sha512-oSogCDougIImq+iRtIFJD0YFArlorSi8IW3HD2gO3USkH+aNn3ZqZNTqp321uB08K34HpS263DTbhLHa/D6BWw==}
    dependencies:
      tsparticles-engine: 2.12.0
    dev: false

  /tsparticles-move-parallax/2.12.0:
    resolution: {integrity: sha512-58CYXaX8Ih5rNtYhpnH0YwU4Ks7gVZMREGUJtmjhuYN+OFr9FVdF3oDIJ9N6gY5a5AnAKz8f5j5qpucoPRcYrQ==}
    dependencies:
      tsparticles-engine: 2.12.0
    dev: false

  /tsparticles-particles.js/2.12.0:
    resolution: {integrity: sha512-LyOuvYdhbUScmA4iDgV3LxA0HzY1DnOwQUy3NrPYO393S2YwdDjdwMod6Btq7EBUjg9FVIh+sZRizgV5elV2dg==}
    dependencies:
      tsparticles-engine: 2.12.0
    dev: false

  /tsparticles-plugin-absorbers/2.12.0:
    resolution: {integrity: sha512-2CkPreaXHrE5VzFlxUKLeRB5t66ff+3jwLJoDFgQcp+R4HOEITo0bBZv2DagGP0QZdYN4grpnQzRBVdB4d1rWA==}
    dependencies:
      tsparticles-engine: 2.12.0
    dev: false

  /tsparticles-plugin-easing-quad/2.12.0:
    resolution: {integrity: sha512-2mNqez5pydDewMIUWaUhY5cNQ80IUOYiujwG6qx9spTq1D6EEPLbRNAEL8/ecPdn2j1Um3iWSx6lo340rPkv4Q==}
    dependencies:
      tsparticles-engine: 2.12.0
    dev: false

  /tsparticles-plugin-emitters/2.12.0:
    resolution: {integrity: sha512-fbskYnaXWXivBh9KFReVCfqHdhbNQSK2T+fq2qcGEWpwtDdgujcaS1k2Q/xjZnWNMfVesik4IrqspcL51gNdSA==}
    dependencies:
      tsparticles-engine: 2.12.0
    dev: false

  /tsparticles-shape-circle/2.12.0:
    resolution: {integrity: sha512-L6OngbAlbadG7b783x16ns3+SZ7i0SSB66M8xGa5/k+YcY7zm8zG0uPt1Hd+xQDR2aNA3RngVM10O23/Lwk65Q==}
    dependencies:
      tsparticles-engine: 2.12.0
    dev: false

  /tsparticles-shape-image/2.12.0:
    resolution: {integrity: sha512-iCkSdUVa40DxhkkYjYuYHr9MJGVw+QnQuN5UC+e/yBgJQY+1tQL8UH0+YU/h0GHTzh5Sm+y+g51gOFxHt1dj7Q==}
    dependencies:
      tsparticles-engine: 2.12.0
    dev: false

  /tsparticles-shape-line/2.12.0:
    resolution: {integrity: sha512-RcpKmmpKlk+R8mM5wA2v64Lv1jvXtU4SrBDv3vbdRodKbKaWGGzymzav1Q0hYyDyUZgplEK/a5ZwrfrOwmgYGA==}
    dependencies:
      tsparticles-engine: 2.12.0
    dev: false

  /tsparticles-shape-polygon/2.12.0:
    resolution: {integrity: sha512-5YEy7HVMt1Obxd/jnlsjajchAlYMr9eRZWN+lSjcFSH6Ibra7h59YuJVnwxOxAobpijGxsNiBX0PuGQnB47pmA==}
    dependencies:
      tsparticles-engine: 2.12.0
    dev: false

  /tsparticles-shape-square/2.12.0:
    resolution: {integrity: sha512-33vfajHqmlODKaUzyPI/aVhnAOT09V7nfEPNl8DD0cfiNikEuPkbFqgJezJuE55ebtVo7BZPDA9o7GYbWxQNuw==}
    dependencies:
      tsparticles-engine: 2.12.0
    dev: false

  /tsparticles-shape-star/2.12.0:
    resolution: {integrity: sha512-4sfG/BBqm2qBnPLASl2L5aBfCx86cmZLXeh49Un+TIR1F5Qh4XUFsahgVOG0vkZQa+rOsZPEH04xY5feWmj90g==}
    dependencies:
      tsparticles-engine: 2.12.0
    dev: false

  /tsparticles-shape-text/2.12.0:
    resolution: {integrity: sha512-v2/FCA+hyTbDqp2ymFOe97h/NFb2eezECMrdirHWew3E3qlvj9S/xBibjbpZva2gnXcasBwxn0+LxKbgGdP0rA==}
    dependencies:
      tsparticles-engine: 2.12.0
    dev: false

  /tsparticles-slim/2.12.0:
    resolution: {integrity: sha512-27w9aGAAAPKHvP4LHzWFpyqu7wKyulayyaZ/L6Tuuejy4KP4BBEB4rY5GG91yvAPsLtr6rwWAn3yS+uxnBDpkA==}
    dependencies:
      tsparticles-basic: 2.12.0
      tsparticles-engine: 2.12.0
      tsparticles-interaction-external-attract: 2.12.0
      tsparticles-interaction-external-bounce: 2.12.0
      tsparticles-interaction-external-bubble: 2.12.0
      tsparticles-interaction-external-connect: 2.12.0
      tsparticles-interaction-external-grab: 2.12.0
      tsparticles-interaction-external-pause: 2.12.0
      tsparticles-interaction-external-push: 2.12.0
      tsparticles-interaction-external-remove: 2.12.0
      tsparticles-interaction-external-repulse: 2.12.0
      tsparticles-interaction-external-slow: 2.12.0
      tsparticles-interaction-particles-attract: 2.12.0
      tsparticles-interaction-particles-collisions: 2.12.0
      tsparticles-interaction-particles-links: 2.12.0
      tsparticles-move-base: 2.12.0
      tsparticles-move-parallax: 2.12.0
      tsparticles-particles.js: 2.12.0
      tsparticles-plugin-easing-quad: 2.12.0
      tsparticles-shape-circle: 2.12.0
      tsparticles-shape-image: 2.12.0
      tsparticles-shape-line: 2.12.0
      tsparticles-shape-polygon: 2.12.0
      tsparticles-shape-square: 2.12.0
      tsparticles-shape-star: 2.12.0
      tsparticles-shape-text: 2.12.0
      tsparticles-updater-color: 2.12.0
      tsparticles-updater-life: 2.12.0
      tsparticles-updater-opacity: 2.12.0
      tsparticles-updater-out-modes: 2.12.0
      tsparticles-updater-rotate: 2.12.0
      tsparticles-updater-size: 2.12.0
      tsparticles-updater-stroke-color: 2.12.0
    dev: false

  /tsparticles-updater-color/2.12.0:
    resolution: {integrity: sha512-KcG3a8zd0f8CTiOrylXGChBrjhKcchvDJjx9sp5qpwQK61JlNojNCU35xoaSk2eEHeOvFjh0o3CXWUmYPUcBTQ==}
    dependencies:
      tsparticles-engine: 2.12.0
    dev: false

  /tsparticles-updater-destroy/2.12.0:
    resolution: {integrity: sha512-6NN3dJhxACvzbIGL4dADbYQSZJmdHfwjujj1uvnxdMbb2x8C/AZzGxiN33smo4jkrZ5VLEWZWCJPJ8aOKjQ2Sg==}
    dependencies:
      tsparticles-engine: 2.12.0
    dev: false

  /tsparticles-updater-life/2.12.0:
    resolution: {integrity: sha512-J7RWGHAZkowBHpcLpmjKsxwnZZJ94oGEL2w+wvW1/+ZLmAiFFF6UgU0rHMC5CbHJT4IPx9cbkYMEHsBkcRJ0Bw==}
    dependencies:
      tsparticles-engine: 2.12.0
    dev: false

  /tsparticles-updater-opacity/2.12.0:
    resolution: {integrity: sha512-YUjMsgHdaYi4HN89LLogboYcCi1o9VGo21upoqxq19yRy0hRCtx2NhH22iHF/i5WrX6jqshN0iuiiNefC53CsA==}
    dependencies:
      tsparticles-engine: 2.12.0
    dev: false

  /tsparticles-updater-out-modes/2.12.0:
    resolution: {integrity: sha512-owBp4Gk0JNlSrmp12XVEeBroDhLZU+Uq3szbWlHGSfcR88W4c/0bt0FiH5bHUqORIkw+m8O56hCjbqwj69kpOQ==}
    dependencies:
      tsparticles-engine: 2.12.0
    dev: false

  /tsparticles-updater-roll/2.12.0:
    resolution: {integrity: sha512-dxoxY5jP4C9x15BxlUv5/Q8OjUPBiE09ToXRyBxea9aEJ7/iMw6odvi1HuT0H1vTIfV7o1MYawjeCbMycvODKQ==}
    dependencies:
      tsparticles-engine: 2.12.0
    dev: false

  /tsparticles-updater-rotate/2.12.0:
    resolution: {integrity: sha512-waOFlGFmEZOzsQg4C4VSejNVXGf4dMf3fsnQrEROASGf1FCd8B6WcZau7JtXSTFw0OUGuk8UGz36ETWN72DkCw==}
    dependencies:
      tsparticles-engine: 2.12.0
    dev: false

  /tsparticles-updater-size/2.12.0:
    resolution: {integrity: sha512-B0yRdEDd/qZXCGDL/ussHfx5YJ9UhTqNvmS5X2rR2hiZhBAE2fmsXLeWkdtF2QusjPeEqFDxrkGiLOsh6poqRA==}
    dependencies:
      tsparticles-engine: 2.12.0
    dev: false

  /tsparticles-updater-stroke-color/2.12.0:
    resolution: {integrity: sha512-MPou1ZDxsuVq6SN1fbX+aI5yrs6FyP2iPCqqttpNbWyL+R6fik1rL0ab/x02B57liDXqGKYomIbBQVP3zUTW1A==}
    dependencies:
      tsparticles-engine: 2.12.0
    dev: false

  /tsparticles-updater-tilt/2.12.0:
    resolution: {integrity: sha512-HDEFLXazE+Zw+kkKKAiv0Fs9D9sRP61DoCR6jZ36ipea6OBgY7V1Tifz2TSR1zoQkk57ER9+EOQbkSQO+YIPGQ==}
    dependencies:
      tsparticles-engine: 2.12.0
    dev: false

  /tsparticles-updater-twinkle/2.12.0:
    resolution: {integrity: sha512-JhK/DO4kTx7IFwMBP2EQY9hBaVVvFnGBvX21SQWcjkymmN1hZ+NdcgUtR9jr4jUiiSNdSl7INaBuGloVjWvOgA==}
    dependencies:
      tsparticles-engine: 2.12.0
    dev: false

  /tsparticles-updater-wobble/2.12.0:
    resolution: {integrity: sha512-85FIRl95ipD3jfIsQdDzcUC5PRMWIrCYqBq69nIy9P8rsNzygn+JK2n+P1VQZowWsZvk0mYjqb9OVQB21Lhf6Q==}
    dependencies:
      tsparticles-engine: 2.12.0
    dev: false

  /tsparticles/2.12.0:
    resolution: {integrity: sha512-aw77llkaEhcKYUHuRlggA6SB1Dpa814/nrStp9USGiDo5QwE1Ckq30QAgdXU6GRvnblUFsiO750ZuLQs5Y0tVw==}
    dependencies:
      tsparticles-engine: 2.12.0
      tsparticles-interaction-external-trail: 2.12.0
      tsparticles-plugin-absorbers: 2.12.0
      tsparticles-plugin-emitters: 2.12.0
      tsparticles-slim: 2.12.0
      tsparticles-updater-destroy: 2.12.0
      tsparticles-updater-roll: 2.12.0
      tsparticles-updater-tilt: 2.12.0
      tsparticles-updater-twinkle: 2.12.0
      tsparticles-updater-wobble: 2.12.0
    dev: false
