lockfileVersion: 5.4

specifiers:
  ahooks: ^3.7.8
  react-dnd: ^16.0.1
  react-dnd-html5-backend: ^16.0.1

dependencies:
  ahooks: 3.7.8
  react-dnd: 16.0.1
  react-dnd-html5-backend: 16.0.1

packages:

  /@babel/runtime/7.22.6:
    resolution: {integrity: sha512-wDb5pWm4WDdF6LFUde3Jl8WzPA+3ZbxYqkC6xAXuD3irdEHN1k0NfTRrJD8ZD378SJ61miMLCqIOXYhd8x+AJQ==}
    engines: {node: '>=6.9.0'}
    dependencies:
      regenerator-runtime: 0.13.11
    dev: false

  /@react-dnd/asap/5.0.2:
    resolution: {integrity: sha512-WLyfoHvxhs0V9U+GTsGilGgf2QsPl6ZZ44fnv0/b8T3nQyvzxidxsg/ZltbWssbsRDlYW8UKSQMTGotuTotZ6A==}
    dev: false

  /@react-dnd/invariant/4.0.2:
    resolution: {integrity: sha512-xKCTqAK/FFauOM9Ta2pswIyT3D8AQlfrYdOi/toTPEhqCuAs1v5tcJ3Y08Izh1cJ5Jchwy9SeAXmMg6zrKs2iw==}
    dev: false

  /@react-dnd/shallowequal/4.0.2:
    resolution: {integrity: sha512-/RVXdLvJxLg4QKvMoM5WlwNR9ViO9z8B/qPcc+C0Sa/teJY7QG7kJ441DwzOjMYEY7GmU4dj5EcGHIkKZiQZCA==}
    dev: false

  /@types/js-cookie/2.2.7:
    resolution: {integrity: sha512-aLkWa0C0vO5b4Sr798E26QgOkss68Un0bLjs7u9qxzPT5CG+8DuNTffWES58YzJs3hrVAOs1wonycqEBqNJubA==}
    dev: false

  /ahooks-v3-count/1.0.0:
    resolution: {integrity: sha512-V7uUvAwnimu6eh/PED4mCDjE7tokeZQLKlxg9lCTMPhN+NjsSbtdacByVlR1oluXQzD3MOw55wylDmQo4+S9ZQ==}
    dev: false

  /ahooks/3.7.8:
    resolution: {integrity: sha512-e/NMlQWoCjaUtncNFIZk3FG1ImSkV/JhScQSkTqnftakRwdfZWSw6zzoWSG9OMYqPNs2MguDYBUFFC6THelWXA==}
    engines: {node: '>=8.0.0'}
    peerDependencies:
      react: ^16.8.0 || ^17.0.0 || ^18.0.0
    dependencies:
      '@babel/runtime': 7.22.6
      '@types/js-cookie': 2.2.7
      ahooks-v3-count: 1.0.0
      dayjs: 1.11.9
      intersection-observer: 0.12.2
      js-cookie: 2.2.1
      lodash: 4.17.21
      resize-observer-polyfill: 1.5.1
      screenfull: 5.2.0
      tslib: 2.6.1
    dev: false

  /dayjs/1.11.9:
    resolution: {integrity: sha512-QvzAURSbQ0pKdIye2txOzNaHmxtUBXerpY0FJsFXUMKbIZeFm5ht1LS/jFsrncjnmtv8HsG0W2g6c0zUjZWmpA==}
    dev: false

  /dnd-core/16.0.1:
    resolution: {integrity: sha512-HK294sl7tbw6F6IeuK16YSBUoorvHpY8RHO+9yFfaJyCDVb6n7PRcezrOEOa2SBCqiYpemh5Jx20ZcjKdFAVng==}
    dependencies:
      '@react-dnd/asap': 5.0.2
      '@react-dnd/invariant': 4.0.2
      redux: 4.2.1
    dev: false

  /fast-deep-equal/3.1.3:
    resolution: {integrity: sha512-f3qQ9oQy9j2AhBe/H9VC91wLmKBCCU/gDOnKNAYG5hswO7BLKj09Hc5HYNz9cGI++xlpDCIgDaitVs03ATR84Q==}
    dev: false

  /hoist-non-react-statics/3.3.2:
    resolution: {integrity: sha512-/gGivxi8JPKWNm/W0jSmzcMPpfpPLc3dY/6GxhX2hQ9iGj3aDfklV4ET7NjKpSinLpJ5vafa9iiGIEZg10SfBw==}
    dependencies:
      react-is: 16.13.1
    dev: false

  /intersection-observer/0.12.2:
    resolution: {integrity: sha512-7m1vEcPCxXYI8HqnL8CKI6siDyD+eIWSwgB3DZA+ZTogxk9I4CDnj4wilt9x/+/QbHI4YG5YZNmC6458/e9Ktg==}
    dev: false

  /js-cookie/2.2.1:
    resolution: {integrity: sha512-HvdH2LzI/EAZcUwA8+0nKNtWHqS+ZmijLA30RwZA0bo7ToCckjK5MkGhjED9KoRcXO6BaGI3I9UIzSA1FKFPOQ==}
    dev: false

  /lodash/4.17.21:
    resolution: {integrity: sha512-v2kDEe57lecTulaDIuNTPy3Ry4gLGJ6Z1O3vE1krgXZNrsQ+LFTGHVxVjcXPs17LhbZVGedAJv8XZ1tvj5FvSg==}
    dev: false

  /react-dnd-html5-backend/16.0.1:
    resolution: {integrity: sha512-Wu3dw5aDJmOGw8WjH1I1/yTH+vlXEL4vmjk5p+MHxP8HuHJS1lAGeIdG/hze1AvNeXWo/JgULV87LyQOr+r5jw==}
    dependencies:
      dnd-core: 16.0.1
    dev: false

  /react-dnd/16.0.1:
    resolution: {integrity: sha512-QeoM/i73HHu2XF9aKksIUuamHPDvRglEwdHL4jsp784BgUuWcg6mzfxT0QDdQz8Wj0qyRKx2eMg8iZtWvU4E2Q==}
    peerDependencies:
      '@types/hoist-non-react-statics': '>= 3.3.1'
      '@types/node': '>= 12'
      '@types/react': '>= 16'
      react: '>= 16.14'
    peerDependenciesMeta:
      '@types/hoist-non-react-statics':
        optional: true
      '@types/node':
        optional: true
      '@types/react':
        optional: true
    dependencies:
      '@react-dnd/invariant': 4.0.2
      '@react-dnd/shallowequal': 4.0.2
      dnd-core: 16.0.1
      fast-deep-equal: 3.1.3
      hoist-non-react-statics: 3.3.2
    dev: false

  /react-is/16.13.1:
    resolution: {integrity: sha512-24e6ynE2H+OKt4kqsOvNd8kBpV65zoxbA4BVsEOB3ARVWQki/DHzaUoC5KuON/BiccDaCCTZBuOcfZs70kR8bQ==}
    dev: false

  /redux/4.2.1:
    resolution: {integrity: sha512-LAUYz4lc+Do8/g7aeRa8JkyDErK6ekstQaqWQrNRW//MY1TvCEpMtpTWvlQ+FPbWCx+Xixu/6SHt5N0HR+SB4w==}
    dependencies:
      '@babel/runtime': 7.22.6
    dev: false

  /regenerator-runtime/0.13.11:
    resolution: {integrity: sha512-kY1AZVr2Ra+t+piVaJ4gxaFaReZVH40AKNo7UCX6W+dEwBo/2oZJzqfuN1qLq1oL45o56cPaTXELwrTh8Fpggg==}
    dev: false

  /resize-observer-polyfill/1.5.1:
    resolution: {integrity: sha512-LwZrotdHOo12nQuZlHEmtuXdqGoOD0OhaxopaNFxWzInpEgaLWoVuAMbTzixuosCx2nEG58ngzW3vxdWoxIgdg==}
    dev: false

  /screenfull/5.2.0:
    resolution: {integrity: sha512-9BakfsO2aUQN2K9Fdbj87RJIEZ82Q9IGim7FqM5OsebfoFC6ZHXgDq/KvniuLTPdeM8wY2o6Dj3WQ7KeQCj3cA==}
    engines: {node: '>=0.10.0'}
    dev: false

  /tslib/2.6.1:
    resolution: {integrity: sha512-t0hLfiEKfMUoqhG+U1oid7Pva4bbDPHYfJNiB7BiIjRkj1pyC++4N3huJfqY6aRH6VTB0rvtzQwjM4K6qpfOig==}
    dev: false
